
Microsoft Visual Studio Solution File, Format Version 12.00
# Visual Studio Version 17
VisualStudioVersion = 17.14.37411.7 d17.14
MinimumVisualStudioVersion = 10.0.40219.1
Project("{888888A0-9F3D-457C-B088-3A5042F75D52}") = "loops", "loops\loops.pyproj", "{99684FBC-0201-4643-B45A-E55754BC2D7A}"
EndProject
Global
	GlobalSection(SolutionConfigurationPlatforms) = preSolution
		Debug|Any CPU = Debug|Any CPU
		Release|Any CPU = Release|Any CPU
	EndGlobalSection
	GlobalSection(ProjectConfigurationPlatforms) = postSolution
		{99684FBC-0201-4643-B45A-E55754BC2D7A}.Debug|Any CPU.ActiveCfg = Debug|Any CPU
		{99684FBC-0201-4643-B45A-E55754BC2D7A}.Release|Any CPU.ActiveCfg = Release|Any CPU
	EndGlobalSection
	GlobalSection(SolutionProperties) = preSolution
		HideSolutionNode = FALSE
	EndGlobalSection
	GlobalSection(ExtensibilityGlobals) = postSolution
		SolutionGuid = {F8E3DC4B-7566-4BBC-9F1C-C79CC81BD72C}
	EndGlobalSection
EndGlobal
